
Microsoft Visual Studio Solution File, Format Version 12.00
# Visual Studio Version 17
VisualStudioVersion = 17.5.33424.131
MinimumVisualStudioVersion = 10.0.40219.1
Project("{FAE04EC0-301F-11D3-BF4B-00C04F79EFBC}") = "01_uzduotis", "01_uzduotis\01_uzduotis.csproj", "{F36B74FC-77E4-4B2A-A4FD-6A65700948D9}"
EndProject
Project("{FAE04EC0-301F-11D3-BF4B-00C04F79EFBC}") = "02_uzduotis", "02_uzduotis\02_uzduotis.csproj", "{77527E29-A0F2-407E-B2A3-DF61E45A29CE}"
EndProject
Global
	GlobalSection(SolutionConfigurationPlatforms) = preSolution
		Debug|Any CPU = Debug|Any CPU
		Release|Any CPU = Release|Any CPU
	EndGlobalSection
	GlobalSection(ProjectConfigurationPlatforms) = postSolution
		{F36B74FC-77E4-4B2A-A4FD-6A65700948D9}.Debug|Any CPU.ActiveCfg = Debug|Any CPU
		{F36B74FC-77E4-4B2A-A4FD-6A65700948D9}.Debug|Any CPU.Build.0 = Debug|Any CPU
		{F36B74FC-77E4-4B2A-A4FD-6A65700948D9}.Release|Any CPU.ActiveCfg = Release|Any CPU
		{F36B74FC-77E4-4B2A-A4FD-6A65700948D9}.Release|Any CPU.Build.0 = Release|Any CPU
		{77527E29-A0F2-407E-B2A3-DF61E45A29CE}.Debug|Any CPU.ActiveCfg = Debug|Any CPU
		{77527E29-A0F2-407E-B2A3-DF61E45A29CE}.Debug|Any CPU.Build.0 = Debug|Any CPU
		{77527E29-A0F2-407E-B2A3-DF61E45A29CE}.Release|Any CPU.ActiveCfg = Release|Any CPU
		{77527E29-A0F2-407E-B2A3-DF61E45A29CE}.Release|Any CPU.Build.0 = Release|Any CPU
	EndGlobalSection
	GlobalSection(SolutionProperties) = preSolution
		HideSolutionNode = FALSE
	EndGlobalSection
	GlobalSection(ExtensibilityGlobals) = postSolution
		SolutionGuid = {6D96A91F-E877-421F-A6F5-0176662B02D5}
	EndGlobalSection
EndGlobal
